// !$*UTF8*$!
{
	archiveVersion = 1;
	classes = {
	};
	objectVersion = 55;
	objects = {

/* Begin PBXBuildFile section */
		7846625D2813D89800BA4AC3 /* AppDelegate.swift in Sources */ = {isa = PBXBuildFile; fileRef = 7846625C2813D89800BA4AC3 /* AppDelegate.swift */; };
		7846625F2813D89800BA4AC3 /* SceneDelegate.swift in Sources */ = {isa = PBXBuildFile; fileRef = 7846625E2813D89800BA4AC3 /* SceneDelegate.swift */; };
		784662612813D89800BA4AC3 /* ViewController.swift in Sources */ = {isa = PBXBuildFile; fileRef = 784662602813D89800BA4AC3 /* ViewController.swift */; };
		784662642813D89800BA4AC3 /* Main.storyboard in Resources */ = {isa = PBXBuildFile; fileRef = 784662622813D89800BA4AC3 /* Main.storyboard */; };
		784662662813D89A00BA4AC3 /* Assets.xcassets in Resources */ = {isa = PBXBuildFile; fileRef = 784662652813D89A00BA4AC3 /* Assets.xcassets */; };
		784662692813D89A00BA4AC3 /* LaunchScreen.storyboard in Resources */ = {isa = PBXBuildFile; fileRef = 784662672813D89A00BA4AC3 /* LaunchScreen.storyboard */; };
		784662752813DA2300BA4AC3 /* SecureTextField.swift in Sources */ = {isa = PBXBuildFile; fileRef = 784662742813DA2300BA4AC3 /* SecureTextField.swift */; };
		784662782813DB1900BA4AC3 /* SnapKit in Frameworks */ = {isa = PBXBuildFile; productRef = 784662772813DB1900BA4AC3 /* SnapKit */; };
		7846627A2813DCC600BA4AC3 /* KeyChainHelper.swift in Sources */ = {isa = PBXBuildFile; fileRef = 784662792813DCC600BA4AC3 /* KeyChainHelper.swift */; };
		78FB052C28142FC700C6200F /* SafeString.swift in Sources */ = {isa = PBXBuildFile; fileRef = 78FB052B28142FC700C6200F /* SafeString.swift */; };
		78FB0534281434D300C6200F /* SecureTextFieldTests.swift in Sources */ = {isa = PBXBuildFile; fileRef = 78FB0533281434D300C6200F /* SecureTextFieldTests.swift */; };
		78FB053B2814350D00C6200F /* SafeStringTests.swift in Sources */ = {isa = PBXBuildFile; fileRef = 78FB053A2814350D00C6200F /* SafeStringTests.swift */; };
/* End PBXBuildFile section */

/* Begin PBXContainerItemProxy section */
		78FB0535281434D300C6200F /* PBXContainerItemProxy */ = {
			isa = PBXContainerItemProxy;
			containerPortal = 784662512813D89800BA4AC3 /* Project object */;
			proxyType = 1;
			remoteGlobalIDString = 784662582813D89800BA4AC3;
			remoteInfo = SecureTextField;
		};
/* End PBXContainerItemProxy section */

/* Begin PBXFileReference section */
		784662592813D89800BA4AC3 /* SecureTextField.app */ = {isa = PBXFileReference; explicitFileType = wrapper.application; includeInIndex = 0; path = SecureTextField.app; sourceTree = BUILT_PRODUCTS_DIR; };
		7846625C2813D89800BA4AC3 /* AppDelegate.swift */ = {isa = PBXFileReference; lastKnownFileType = sourcecode.swift; path = AppDelegate.swift; sourceTree = "<group>"; };
		7846625E2813D89800BA4AC3 /* SceneDelegate.swift */ = {isa = PBXFileReference; lastKnownFileType = sourcecode.swift; path = SceneDelegate.swift; sourceTree = "<group>"; };
		784662602813D89800BA4AC3 /* ViewController.swift */ = {isa = PBXFileReference; lastKnownFileType = sourcecode.swift; path = ViewController.swift; sourceTree = "<group>"; };
		784662632813D89800BA4AC3 /* Base */ = {isa = PBXFileReference; lastKnownFileType = file.storyboard; name = Base; path = Base.lproj/Main.storyboard; sourceTree = "<group>"; };
		784662652813D89A00BA4AC3 /* Assets.xcassets */ = {isa = PBXFileReference; lastKnownFileType = folder.assetcatalog; path = Assets.xcassets; sourceTree = "<group>"; };
		784662682813D89A00BA4AC3 /* Base */ = {isa = PBXFileReference; lastKnownFileType = file.storyboard; name = Base; path = Base.lproj/LaunchScreen.storyboard; sourceTree = "<group>"; };
		7846626A2813D89A00BA4AC3 /* Info.plist */ = {isa = PBXFileReference; lastKnownFileType = text.plist.xml; path = Info.plist; sourceTree = "<group>"; };
		784662742813DA2300BA4AC3 /* SecureTextField.swift */ = {isa = PBXFileReference; lastKnownFileType = sourcecode.swift; path = SecureTextField.swift; sourceTree = "<group>"; };
		784662792813DCC600BA4AC3 /* KeyChainHelper.swift */ = {isa = PBXFileReference; lastKnownFileType = sourcecode.swift; path = KeyChainHelper.swift; sourceTree = "<group>"; };
		78FB052B28142FC700C6200F /* SafeString.swift */ = {isa = PBXFileReference; lastKnownFileType = sourcecode.swift; path = SafeString.swift; sourceTree = "<group>"; };
		78FB0531281434D300C6200F /* SecureTextFieldTests.xctest */ = {isa = PBXFileReference; explicitFileType = wrapper.cfbundle; includeInIndex = 0; path = SecureTextFieldTests.xctest; sourceTree = BUILT_PRODUCTS_DIR; };
		78FB0533281434D300C6200F /* SecureTextFieldTests.swift */ = {isa = PBXFileReference; lastKnownFileType = sourcecode.swift; path = SecureTextFieldTests.swift; sourceTree = "<group>"; };
		78FB053A2814350D00C6200F /* SafeStringTests.swift */ = {isa = PBXFileReference; lastKnownFileType = sourcecode.swift; path = SafeStringTests.swift; sourceTree = "<group>"; };
/* End PBXFileReference section */

/* Begin PBXFrameworksBuildPhase section */
		784662562813D89800BA4AC3 /* Frameworks */ = {
			isa = PBXFrameworksBuildPhase;
			buildActionMask = 2147483647;
			files = (
				784662782813DB1900BA4AC3 /* SnapKit in Frameworks */,
			);
			runOnlyForDeploymentPostprocessing = 0;
		};
		78FB052E281434D300C6200F /* Frameworks */ = {
			isa = PBXFrameworksBuildPhase;
			buildActionMask = 2147483647;
			files = (
			);
			runOnlyForDeploymentPostprocessing = 0;
		};
/* End PBXFrameworksBuildPhase section */

/* Begin PBXGroup section */
		784662502813D89800BA4AC3 = {
			isa = PBXGroup;
			children = (
				7846625B2813D89800BA4AC3 /* SecureTextField */,
				78FB0532281434D300C6200F /* SecureTextFieldTests */,
				7846625A2813D89800BA4AC3 /* Products */,
			);
			sourceTree = "<group>";
		};
		7846625A2813D89800BA4AC3 /* Products */ = {
			isa = PBXGroup;
			children = (
				784662592813D89800BA4AC3 /* SecureTextField.app */,
				78FB0531281434D300C6200F /* SecureTextFieldTests.xctest */,
			);
			name = Products;
			sourceTree = "<group>";
		};
		7846625B2813D89800BA4AC3 /* SecureTextField */ = {
			isa = PBXGroup;
			children = (
				7846625C2813D89800BA4AC3 /* AppDelegate.swift */,
				7846625E2813D89800BA4AC3 /* SceneDelegate.swift */,
				784662602813D89800BA4AC3 /* ViewController.swift */,
				784662622813D89800BA4AC3 /* Main.storyboard */,
				784662652813D89A00BA4AC3 /* Assets.xcassets */,
				784662672813D89A00BA4AC3 /* LaunchScreen.storyboard */,
				7846626A2813D89A00BA4AC3 /* Info.plist */,
				784662742813DA2300BA4AC3 /* SecureTextField.swift */,
				784662792813DCC600BA4AC3 /* KeyChainHelper.swift */,
				78FB052B28142FC700C6200F /* SafeString.swift */,
			);
			path = SecureTextField;
			sourceTree = "<group>";
		};
		78FB0532281434D300C6200F /* SecureTextFieldTests */ = {
			isa = PBXGroup;
			children = (
				78FB0533281434D300C6200F /* SecureTextFieldTests.swift */,
				78FB053A2814350D00C6200F /* SafeStringTests.swift */,
			);
			path = SecureTextFieldTests;
			sourceTree = "<group>";
		};
/* End PBXGroup section */

/* Begin PBXNativeTarget section */
		784662582813D89800BA4AC3 /* SecureTextField */ = {
			isa = PBXNativeTarget;
			buildConfigurationList = 7846626D2813D89A00BA4AC3 /* Build configuration list for PBXNativeTarget "SecureTextField" */;
			buildPhases = (
				784662552813D89800BA4AC3 /* Sources */,
				784662562813D89800BA4AC3 /* Frameworks */,
				784662572813D89800BA4AC3 /* Resources */,
			);
			buildRules = (
			);
			dependencies = (
			);
			name = SecureTextField;
			packageProductDependencies = (
				784662772813DB1900BA4AC3 /* SnapKit */,
			);
			productName = SecureTextField;
			productReference = 784662592813D89800BA4AC3 /* SecureTextField.app */;
			productType = "com.apple.product-type.application";
		};
		78FB0530281434D300C6200F /* SecureTextFieldTests */ = {
			isa = PBXNativeTarget;
			buildConfigurationList = 78FB0537281434D300C6200F /* Build configuration list for PBXNativeTarget "SecureTextFieldTests" */;
			buildPhases = (
				78FB052D281434D300C6200F /* Sources */,
				78FB052E281434D300C6200F /* Frameworks */,
				78FB052F281434D300C6200F /* Resources */,
			);
			buildRules = (
			);
			dependencies = (
				78FB0536281434D300C6200F /* PBXTargetDependency */,
			);
			name = SecureTextFieldTests;
			productName = SecureTextFieldTests;
			productReference = 78FB0531281434D300C6200F /* SecureTextFieldTests.xctest */;
			productType = "com.apple.product-type.bundle.unit-test";
		};
/* End PBXNativeTarget section */

/* Begin PBXProject section */
		784662512813D89800BA4AC3 /* Project object */ = {
			isa = PBXProject;
			attributes = {
				BuildIndependentTargetsInParallel = 1;
				LastSwiftUpdateCheck = 1330;
				LastUpgradeCheck = 1330;
				TargetAttributes = {
					784662582813D89800BA4AC3 = {
						CreatedOnToolsVersion = 13.3;
					};
					78FB0530281434D300C6200F = {
						CreatedOnToolsVersion = 13.3;
						TestTargetID = 784662582813D89800BA4AC3;
					};
				};
			};
			buildConfigurationList = 784662542813D89800BA4AC3 /* Build configuration list for PBXProject "SecureTextField" */;
			compatibilityVersion = "Xcode 13.0";
			developmentRegion = en;
			hasScannedForEncodings = 0;
			knownRegions = (
				en,
				Base,
			);
			mainGroup = 784662502813D89800BA4AC3;
			packageReferences = (
				784662762813DB1900BA4AC3 /* XCRemoteSwiftPackageReference "SnapKit" */,
			);
			productRefGroup = 7846625A2813D89800BA4AC3 /* Products */;
			projectDirPath = "";
			projectRoot = "";
			targets = (
				784662582813D89800BA4AC3 /* SecureTextField */,
				78FB0530281434D300C6200F /* SecureTextFieldTests */,
			);
		};
/* End PBXProject section */

/* Begin PBXResourcesBuildPhase section */
		784662572813D89800BA4AC3 /* Resources */ = {
			isa = PBXResourcesBuildPhase;
			buildActionMask = 2147483647;
			files = (
				784662692813D89A00BA4AC3 /* LaunchScreen.storyboard in Resources */,
				784662662813D89A00BA4AC3 /* Assets.xcassets in Resources */,
				784662642813D89800BA4AC3 /* Main.storyboard in Resources */,
			);
			runOnlyForDeploymentPostprocessing = 0;
		};
		78FB052F281434D300C6200F /* Resources */ = {
			isa = PBXResourcesBuildPhase;
			buildActionMask = 2147483647;
			files = (
			);
			runOnlyForDeploymentPostprocessing = 0;
		};
/* End PBXResourcesBuildPhase section */

/* Begin PBXSourcesBuildPhase section */
		784662552813D89800BA4AC3 /* Sources */ = {
			isa = PBXSourcesBuildPhase;
			buildActionMask = 2147483647;
			files = (
				784662752813DA2300BA4AC3 /* SecureTextField.swift in Sources */,
				7846627A2813DCC600BA4AC3 /* KeyChainHelper.swift in Sources */,
				784662612813D89800BA4AC3 /* ViewController.swift in Sources */,
				7846625D2813D89800BA4AC3 /* AppDelegate.swift in Sources */,
				7846625F2813D89800BA4AC3 /* SceneDelegate.swift in Sources */,
				78FB052C28142FC700C6200F /* SafeString.swift in Sources */,
			);
			runOnlyForDeploymentPostprocessing = 0;
		};
		78FB052D281434D300C6200F /* Sources */ = {
			isa = PBXSourcesBuildPhase;
			buildActionMask = 2147483647;
			files = (
				78FB0534281434D300C6200F /* SecureTextFieldTests.swift in Sources */,
				78FB053B2814350D00C6200F /* SafeStringTests.swift in Sources */,
			);
			runOnlyForDeploymentPostprocessing = 0;
		};
/* End PBXSourcesBuildPhase section */

/* Begin PBXTargetDependency section */
		78FB0536281434D300C6200F /* PBXTargetDependency */ = {
			isa = PBXTargetDependency;
			target = 784662582813D89800BA4AC3 /* SecureTextField */;
			targetProxy = 78FB0535281434D300C6200F /* PBXContainerItemProxy */;
		};
/* End PBXTargetDependency section */

/* Begin PBXVariantGroup section */
		784662622813D89800BA4AC3 /* Main.storyboard */ = {
			isa = PBXVariantGroup;
			children = (
				784662632813D89800BA4AC3 /* Base */,
			);
			name = Main.storyboard;
			sourceTree = "<group>";
		};
		784662672813D89A00BA4AC3 /* LaunchScreen.storyboard */ = {
			isa = PBXVariantGroup;
			children = (
				784662682813D89A00BA4AC3 /* Base */,
			);
			name = LaunchScreen.storyboard;
			sourceTree = "<group>";
		};
/* End PBXVariantGroup section */

/* Begin XCBuildConfiguration section */
		7846626B2813D89A00BA4AC3 /* Debug */ = {
			isa = XCBuildConfiguration;
			buildSettings = {
				ALWAYS_SEARCH_USER_PATHS = NO;
				CLANG_ANALYZER_NONNULL = YES;
				CLANG_ANALYZER_NUMBER_OBJECT_CONVERSION = YES_AGGRESSIVE;
				CLANG_CXX_LANGUAGE_STANDARD = "gnu++17";
				CLANG_ENABLE_MODULES = YES;
				CLANG_ENABLE_OBJC_ARC = YES;
				CLANG_ENABLE_OBJC_WEAK = YES;
				CLANG_WARN_BLOCK_CAPTURE_AUTORELEASING = YES;
				CLANG_WARN_BOOL_CONVERSION = YES;
				CLANG_WARN_COMMA = YES;
				CLANG_WARN_CONSTANT_CONVERSION = YES;
				CLANG_WARN_DEPRECATED_OBJC_IMPLEMENTATIONS = YES;
				CLANG_WARN_DIRECT_OBJC_ISA_USAGE = YES_ERROR;
				CLANG_WARN_DOCUMENTATION_COMMENTS = YES;
				CLANG_WARN_EMPTY_BODY = YES;
				CLANG_WARN_ENUM_CONVERSION = YES;
				CLANG_WARN_INFINITE_RECURSION = YES;
				CLANG_WARN_INT_CONVERSION = YES;
				CLANG_WARN_NON_LITERAL_NULL_CONVERSION = YES;
				CLANG_WARN_OBJC_IMPLICIT_RETAIN_SELF = YES;
				CLANG_WARN_OBJC_LITERAL_CONVERSION = YES;
				CLANG_WARN_OBJC_ROOT_CLASS = YES_ERROR;
				CLANG_WARN_QUOTED_INCLUDE_IN_FRAMEWORK_HEADER = YES;
				CLANG_WARN_RANGE_LOOP_ANALYSIS = YES;
				CLANG_WARN_STRICT_PROTOTYPES = YES;
				CLANG_WARN_SUSPICIOUS_MOVE = YES;
				CLANG_WARN_UNGUARDED_AVAILABILITY = YES_AGGRESSIVE;
				CLANG_WARN_UNREACHABLE_CODE = YES;
				CLANG_WARN__DUPLICATE_METHOD_MATCH = YES;
				COPY_PHASE_STRIP = NO;
				DEBUG_INFORMATION_FORMAT = dwarf;
				ENABLE_STRICT_OBJC_MSGSEND = YES;
				ENABLE_TESTABILITY = YES;
				GCC_C_LANGUAGE_STANDARD = gnu11;
				GCC_DYNAMIC_NO_PIC = NO;
				GCC_NO_COMMON_BLOCKS = YES;
				GCC_OPTIMIZATION_LEVEL = 0;
				GCC_PREPROCESSOR_DEFINITIONS = (
					"DEBUG=1",
					"$(inherited)",
				);
				GCC_WARN_64_TO_32_BIT_CONVERSION = YES;
				GCC_WARN_ABOUT_RETURN_TYPE = YES_ERROR;
				GCC_WARN_UNDECLARED_SELECTOR = YES;
				GCC_WARN_UNINITIALIZED_AUTOS = YES_AGGRESSIVE;
				GCC_WARN_UNUSED_FUNCTION = YES;
				GCC_WARN_UNUSED_VARIABLE = YES;
				IPHONEOS_DEPLOYMENT_TARGET = 15.4;
				MTL_ENABLE_DEBUG_INFO = INCLUDE_SOURCE;
				MTL_FAST_MATH = YES;
				ONLY_ACTIVE_ARCH = YES;
				SDKROOT = iphoneos;
				SWIFT_ACTIVE_COMPILATION_CONDITIONS = DEBUG;
				SWIFT_OPTIMIZATION_LEVEL = "-Onone";
			};
			name = Debug;
		};
		7846626C2813D89A00BA4AC3 /* Release */ = {
			isa = XCBuildConfiguration;
			buildSettings = {
				ALWAYS_SEARCH_USER_PATHS = NO;
				CLANG_ANALYZER_NONNULL = YES;
				CLANG_ANALYZER_NUMBER_OBJECT_CONVERSION = YES_AGGRESSIVE;
				CLANG_CXX_LANGUAGE_STANDARD = "gnu++17";
				CLANG_ENABLE_MODULES = YES;
				CLANG_ENABLE_OBJC_ARC = YES;
				CLANG_ENABLE_OBJC_WEAK = YES;
				CLANG_WARN_BLOCK_CAPTURE_AUTORELEASING = YES;
				CLANG_WARN_BOOL_CONVERSION = YES;
				CLANG_WARN_COMMA = YES;
				CLANG_WARN_CONSTANT_CONVERSION = YES;
				CLANG_WARN_DEPRECATED_OBJC_IMPLEMENTATIONS = YES;
				CLANG_WARN_DIRECT_OBJC_ISA_USAGE = YES_ERROR;
				CLANG_WARN_DOCUMENTATION_COMMENTS = YES;
				CLANG_WARN_EMPTY_BODY = YES;
				CLANG_WARN_ENUM_CONVERSION = YES;
				CLANG_WARN_INFINITE_RECURSION = YES;
				CLANG_WARN_INT_CONVERSION = YES;
				CLANG_WARN_NON_LITERAL_NULL_CONVERSION = YES;
				CLANG_WARN_OBJC_IMPLICIT_RETAIN_SELF = YES;
				CLANG_WARN_OBJC_LITERAL_CONVERSION = YES;
				CLANG_WARN_OBJC_ROOT_CLASS = YES_ERROR;
				CLANG_WARN_QUOTED_INCLUDE_IN_FRAMEWORK_HEADER = YES;
				CLANG_WARN_RANGE_LOOP_ANALYSIS = YES;
				CLANG_WARN_STRICT_PROTOTYPES = YES;
				CLANG_WARN_SUSPICIOUS_MOVE = YES;
				CLANG_WARN_UNGUARDED_AVAILABILITY = YES_AGGRESSIVE;
				CLANG_WARN_UNREACHABLE_CODE = YES;
				CLANG_WARN__DUPLICATE_METHOD_MATCH = YES;
				COPY_PHASE_STRIP = NO;
				DEBUG_INFORMATION_FORMAT = "dwarf-with-dsym";
				ENABLE_NS_ASSERTIONS = NO;
				ENABLE_STRICT_OBJC_MSGSEND = YES;
				GCC_C_LANGUAGE_STANDARD = gnu11;
				GCC_NO_COMMON_BLOCKS = YES;
				GCC_WARN_64_TO_32_BIT_CONVERSION = YES;
				GCC_WARN_ABOUT_RETURN_TYPE = YES_ERROR;
				GCC_WARN_UNDECLARED_SELECTOR = YES;
				GCC_WARN_UNINITIALIZED_AUTOS = YES_AGGRESSIVE;
				GCC_WARN_UNUSED_FUNCTION = YES;
				GCC_WARN_UNUSED_VARIABLE = YES;
				IPHONEOS_DEPLOYMENT_TARGET = 15.4;
				MTL_ENABLE_DEBUG_INFO = NO;
				MTL_FAST_MATH = YES;
				SDKROOT = iphoneos;
				SWIFT_COMPILATION_MODE = wholemodule;
				SWIFT_OPTIMIZATION_LEVEL = "-O";
				VALIDATE_PRODUCT = YES;
			};
			name = Release;
		};
		7846626E2813D89A00BA4AC3 /* Debug */ = {
			isa = XCBuildConfiguration;
			buildSettings = {
				ASSETCATALOG_COMPILER_APPICON_NAME = AppIcon;
				ASSETCATALOG_COMPILER_GLOBAL_ACCENT_COLOR_NAME = AccentColor;
				CODE_SIGN_STYLE = Automatic;
				CURRENT_PROJECT_VERSION = 1;
				DEVELOPMENT_TEAM = P4ZJYAK634;
				GENERATE_INFOPLIST_FILE = YES;
				INFOPLIST_FILE = SecureTextField/Info.plist;
				INFOPLIST_KEY_UIApplicationSupportsIndirectInputEvents = YES;
				INFOPLIST_KEY_UILaunchStoryboardName = LaunchScreen;
				INFOPLIST_KEY_UIMainStoryboardFile = Main;
				INFOPLIST_KEY_UISupportedInterfaceOrientations_iPad = "UIInterfaceOrientationPortrait UIInterfaceOrientationPortraitUpsideDown UIInterfaceOrientationLandscapeLeft UIInterfaceOrientationLandscapeRight";
				INFOPLIST_KEY_UISupportedInterfaceOrientations_iPhone = "UIInterfaceOrientationPortrait UIInterfaceOrientationLandscapeLeft UIInterfaceOrientationLandscapeRight";
				LD_RUNPATH_SEARCH_PATHS = (
					"$(inherited)",
					"@executable_path/Frameworks",
				);
				MARKETING_VERSION = 1.0;
				PRODUCT_BUNDLE_IDENTIFIER = com.hanwe.SecureTextField;
				PRODUCT_NAME = "$(TARGET_NAME)";
				SWIFT_EMIT_LOC_STRINGS = YES;
				SWIFT_VERSION = 5.0;
				TARGETED_DEVICE_FAMILY = "1,2";
			};
			name = Debug;
		};
		7846626F2813D89A00BA4AC3 /* Release */ = {
			isa = XCBuildConfiguration;
			buildSettings = {
				ASSETCATALOG_COMPILER_APPICON_NAME = AppIcon;
				ASSETCATALOG_COMPILER_GLOBAL_ACCENT_COLOR_NAME = AccentColor;
				CODE_SIGN_STYLE = Automatic;
				CURRENT_PROJECT_VERSION = 1;
				DEVELOPMENT_TEAM = P4ZJYAK634;
				GENERATE_INFOPLIST_FILE = YES;
				INFOPLIST_FILE = SecureTextField/Info.plist;
				INFOPLIST_KEY_UIApplicationSupportsIndirectInputEvents = YES;
				INFOPLIST_KEY_UILaunchStoryboardName = LaunchScreen;
				INFOPLIST_KEY_UIMainStoryboardFile = Main;
				INFOPLIST_KEY_UISupportedInterfaceOrientations_iPad = "UIInterfaceOrientationPortrait UIInterfaceOrientationPortraitUpsideDown UIInterfaceOrientationLandscapeLeft UIInterfaceOrientationLandscapeRight";
				INFOPLIST_KEY_UISupportedInterfaceOrientations_iPhone = "UIInterfaceOrientationPortrait UIInterfaceOrientationLandscapeLeft UIInterfaceOrientationLandscapeRight";
				LD_RUNPATH_SEARCH_PATHS = (
					"$(inherited)",
					"@executable_path/Frameworks",
				);
				MARKETING_VERSION = 1.0;
				PRODUCT_BUNDLE_IDENTIFIER = com.hanwe.SecureTextField;
				PRODUCT_NAME = "$(TARGET_NAME)";
				SWIFT_EMIT_LOC_STRINGS = YES;
				SWIFT_VERSION = 5.0;
				TARGETED_DEVICE_FAMILY = "1,2";
			};
			name = Release;
		};
		78FB0538281434D300C6200F /* Debug */ = {
			isa = XCBuildConfiguration;
			buildSettings = {
				BUNDLE_LOADER = "$(TEST_HOST)";
				CODE_SIGN_STYLE = Automatic;
				CURRENT_PROJECT_VERSION = 1;
				DEVELOPMENT_TEAM = P4ZJYAK634;
				GENERATE_INFOPLIST_FILE = YES;
				MARKETING_VERSION = 1.0;
				PRODUCT_BUNDLE_IDENTIFIER = com.hanwe.SecureTextFieldTests;
				PRODUCT_NAME = "$(TARGET_NAME)";
				SWIFT_EMIT_LOC_STRINGS = NO;
				SWIFT_VERSION = 5.0;
				TARGETED_DEVICE_FAMILY = "1,2";
				TEST_HOST = "$(BUILT_PRODUCTS_DIR)/SecureTextField.app/SecureTextField";
			};
			name = Debug;
		};
		78FB0539281434D300C6200F /* Release */ = {
			isa = XCBuildConfiguration;
			buildSettings = {
				BUNDLE_LOADER = "$(TEST_HOST)";
				CODE_SIGN_STYLE = Automatic;
				CURRENT_PROJECT_VERSION = 1;
				DEVELOPMENT_TEAM = P4ZJYAK634;
				GENERATE_INFOPLIST_FILE = YES;
				MARKETING_VERSION = 1.0;
				PRODUCT_BUNDLE_IDENTIFIER = com.hanwe.SecureTextFieldTests;
				PRODUCT_NAME = "$(TARGET_NAME)";
				SWIFT_EMIT_LOC_STRINGS = NO;
				SWIFT_VERSION = 5.0;
				TARGETED_DEVICE_FAMILY = "1,2";
				TEST_HOST = "$(BUILT_PRODUCTS_DIR)/SecureTextField.app/SecureTextField";
			};
			name = Release;
		};
/* End XCBuildConfiguration section */

/* Begin XCConfigurationList section */
		784662542813D89800BA4AC3 /* Build configuration list for PBXProject "SecureTextField" */ = {
			isa = XCConfigurationList;
			buildConfigurations = (
				7846626B2813D89A00BA4AC3 /* Debug */,
				7846626C2813D89A00BA4AC3 /* Release */,
			);
			defaultConfigurationIsVisible = 0;
			defaultConfigurationName = Release;
		};
		7846626D2813D89A00BA4AC3 /* Build configuration list for PBXNativeTarget "SecureTextField" */ = {
			isa = XCConfigurationList;
			buildConfigurations = (
				7846626E2813D89A00BA4AC3 /* Debug */,
				7846626F2813D89A00BA4AC3 /* Release */,
			);
			defaultConfigurationIsVisible = 0;
			defaultConfigurationName = Release;
		};
		78FB0537281434D300C6200F /* Build configuration list for PBXNativeTarget "SecureTextFieldTests" */ = {
			isa = XCConfigurationList;
			buildConfigurations = (
				78FB0538281434D300C6200F /* Debug */,
				78FB0539281434D300C6200F /* Release */,
			);
			defaultConfigurationIsVisible = 0;
			defaultConfigurationName = Release;
		};
/* End XCConfigurationList section */

/* Begin XCRemoteSwiftPackageReference section */
		784662762813DB1900BA4AC3 /* XCRemoteSwiftPackageReference "SnapKit" */ = {
			isa = XCRemoteSwiftPackageReference;
			repositoryURL = "https://github.com/SnapKit/SnapKit";
			requirement = {
				kind = exactVersion;
				version = 5.6.0;
			};
		};
/* End XCRemoteSwiftPackageReference section */

/* Begin XCSwiftPackageProductDependency section */
		784662772813DB1900BA4AC3 /* SnapKit */ = {
			isa = XCSwiftPackageProductDependency;
			package = 784662762813DB1900BA4AC3 /* XCRemoteSwiftPackageReference "SnapKit" */;
			productName = SnapKit;
		};
/* End XCSwiftPackageProductDependency section */
	};
	rootObject = 784662512813D89800BA4AC3 /* Project object */;
}
